
Microsoft Visual Studio Solution File, Format Version 12.00
# Visual Studio 15
VisualStudioVersion = 15.0.28307.271
MinimumVisualStudioVersion = 10.0.40219.1
Project("{FAE04EC0-301F-11D3-BF4B-00C04F79EFBC}") = "01_HelloWorld", "01_HelloWorld\01_HelloWorld.csproj", "{F831FAC6-7D8B-4295-BFE4-12C1DC1BAFA0}"
EndProject
Project("{FAE04EC0-301F-11D3-BF4B-00C04F79EFBC}") = "DotNetFundamentals.Tests", "DotNetFundamentals.Tests\DotNetFundamentals.Tests.csproj", "{A9E7D0BA-0D0E-4EAF-B814-C37FD11D99DC}"
EndProject
Project("{FAE04EC0-301F-11D3-BF4B-00C04F79EFBC}") = "Calculator_RepositoryPattern", "Calculator_RepositoryPattern\Calculator_RepositoryPattern.csproj", "{9B0EDF2B-29FD-44CF-9B81-229BBFA343F3}"
EndProject
Project("{FAE04EC0-301F-11D3-BF4B-00C04F79EFBC}") = "Calculator_Tests", "Calculator_Tests\Calculator_Tests.csproj", "{0D9E5F8D-6923-4B01-AAD8-F1ACD1ADA890}"
EndProject
Project("{FAE04EC0-301F-11D3-BF4B-00C04F79EFBC}") = "Class_Example", "Class_Example\Class_Example.csproj", "{8CB6B6AD-508B-4178-9171-9C5E6AFE6F63}"
EndProject
Project("{FAE04EC0-301F-11D3-BF4B-00C04F79EFBC}") = "Class_Example_Tests", "Class_Example_Tests\Class_Example_Tests.csproj", "{75C49001-4AEE-4F6D-BE86-30A333603E7A}"
EndProject
Project("{FAE04EC0-301F-11D3-BF4B-00C04F79EFBC}") = "Challenge_Mon_1", "Challenge_Mon_1\Challenge_Mon_1.csproj", "{6FE82E29-16D4-4502-ACAB-2AC65DD683EC}"
EndProject
Project("{FAE04EC0-301F-11D3-BF4B-00C04F79EFBC}") = "Challenge_Tues_1", "Challenge_Tues_1\Challenge_Tues_1.csproj", "{40982541-3850-43D3-819C-2DE545B7A6C2}"
EndProject
Project("{FAE04EC0-301F-11D3-BF4B-00C04F79EFBC}") = "Challenge_Tues_2", "Challenge_Tues_2\Challenge_Tues_2.csproj", "{B7061C68-4BCC-4242-AF97-CA620255DC5E}"
EndProject
Project("{FAE04EC0-301F-11D3-BF4B-00C04F79EFBC}") = "Calculator.Tests", "Calculator.Tests\Calculator.Tests.csproj", "{986BAA96-C3E3-46CD-8BB4-7E11F4BD8C83}"
EndProject
Project("{FAE04EC0-301F-11D3-BF4B-00C04F79EFBC}") = "Challenge_Tests", "Challenge_Tests\Challenge_Tests.csproj", "{909F3176-E9A3-4E8C-847E-6746371DDAF8}"
EndProject
Project("{FAE04EC0-301F-11D3-BF4B-00C04F79EFBC}") = "Challenge_Wed_1", "Challenge_Wed_1\Challenge_Wed_1.csproj", "{B3B14990-4695-43A3-8B7D-A4C110DF86C1}"
EndProject
Global
	GlobalSection(SolutionConfigurationPlatforms) = preSolution
		Debug|Any CPU = Debug|Any CPU
		Release|Any CPU = Release|Any CPU
	EndGlobalSection
	GlobalSection(ProjectConfigurationPlatforms) = postSolution
		{F831FAC6-7D8B-4295-BFE4-12C1DC1BAFA0}.Debug|Any CPU.ActiveCfg = Debug|Any CPU
		{F831FAC6-7D8B-4295-BFE4-12C1DC1BAFA0}.Debug|Any CPU.Build.0 = Debug|Any CPU
		{F831FAC6-7D8B-4295-BFE4-12C1DC1BAFA0}.Release|Any CPU.ActiveCfg = Release|Any CPU
		{F831FAC6-7D8B-4295-BFE4-12C1DC1BAFA0}.Release|Any CPU.Build.0 = Release|Any CPU
		{A9E7D0BA-0D0E-4EAF-B814-C37FD11D99DC}.Debug|Any CPU.ActiveCfg = Debug|Any CPU
		{A9E7D0BA-0D0E-4EAF-B814-C37FD11D99DC}.Debug|Any CPU.Build.0 = Debug|Any CPU
		{A9E7D0BA-0D0E-4EAF-B814-C37FD11D99DC}.Release|Any CPU.ActiveCfg = Release|Any CPU
		{A9E7D0BA-0D0E-4EAF-B814-C37FD11D99DC}.Release|Any CPU.Build.0 = Release|Any CPU
		{9B0EDF2B-29FD-44CF-9B81-229BBFA343F3}.Debug|Any CPU.ActiveCfg = Debug|Any CPU
		{9B0EDF2B-29FD-44CF-9B81-229BBFA343F3}.Debug|Any CPU.Build.0 = Debug|Any CPU
		{9B0EDF2B-29FD-44CF-9B81-229BBFA343F3}.Release|Any CPU.ActiveCfg = Release|Any CPU
		{9B0EDF2B-29FD-44CF-9B81-229BBFA343F3}.Release|Any CPU.Build.0 = Release|Any CPU
		{0D9E5F8D-6923-4B01-AAD8-F1ACD1ADA890}.Debug|Any CPU.ActiveCfg = Debug|Any CPU
		{0D9E5F8D-6923-4B01-AAD8-F1ACD1ADA890}.Debug|Any CPU.Build.0 = Debug|Any CPU
		{0D9E5F8D-6923-4B01-AAD8-F1ACD1ADA890}.Release|Any CPU.ActiveCfg = Release|Any CPU
		{0D9E5F8D-6923-4B01-AAD8-F1ACD1ADA890}.Release|Any CPU.Build.0 = Release|Any CPU
		{8CB6B6AD-508B-4178-9171-9C5E6AFE6F63}.Debug|Any CPU.ActiveCfg = Debug|Any CPU
		{8CB6B6AD-508B-4178-9171-9C5E6AFE6F63}.Debug|Any CPU.Build.0 = Debug|Any CPU
		{8CB6B6AD-508B-4178-9171-9C5E6AFE6F63}.Release|Any CPU.ActiveCfg = Release|Any CPU
		{8CB6B6AD-508B-4178-9171-9C5E6AFE6F63}.Release|Any CPU.Build.0 = Release|Any CPU
		{75C49001-4AEE-4F6D-BE86-30A333603E7A}.Debug|Any CPU.ActiveCfg = Debug|Any CPU
		{75C49001-4AEE-4F6D-BE86-30A333603E7A}.Debug|Any CPU.Build.0 = Debug|Any CPU
		{75C49001-4AEE-4F6D-BE86-30A333603E7A}.Release|Any CPU.ActiveCfg = Release|Any CPU
		{75C49001-4AEE-4F6D-BE86-30A333603E7A}.Release|Any CPU.Build.0 = Release|Any CPU
		{6FE82E29-16D4-4502-ACAB-2AC65DD683EC}.Debug|Any CPU.ActiveCfg = Debug|Any CPU
		{6FE82E29-16D4-4502-ACAB-2AC65DD683EC}.Debug|Any CPU.Build.0 = Debug|Any CPU
		{6FE82E29-16D4-4502-ACAB-2AC65DD683EC}.Release|Any CPU.ActiveCfg = Release|Any CPU
		{6FE82E29-16D4-4502-ACAB-2AC65DD683EC}.Release|Any CPU.Build.0 = Release|Any CPU
		{40982541-3850-43D3-819C-2DE545B7A6C2}.Debug|Any CPU.ActiveCfg = Debug|Any CPU
		{40982541-3850-43D3-819C-2DE545B7A6C2}.Debug|Any CPU.Build.0 = Debug|Any CPU
		{40982541-3850-43D3-819C-2DE545B7A6C2}.Release|Any CPU.ActiveCfg = Release|Any CPU
		{40982541-3850-43D3-819C-2DE545B7A6C2}.Release|Any CPU.Build.0 = Release|Any CPU
		{B7061C68-4BCC-4242-AF97-CA620255DC5E}.Debug|Any CPU.ActiveCfg = Debug|Any CPU
		{B7061C68-4BCC-4242-AF97-CA620255DC5E}.Debug|Any CPU.Build.0 = Debug|Any CPU
		{B7061C68-4BCC-4242-AF97-CA620255DC5E}.Release|Any CPU.ActiveCfg = Release|Any CPU
		{B7061C68-4BCC-4242-AF97-CA620255DC5E}.Release|Any CPU.Build.0 = Release|Any CPU
		{986BAA96-C3E3-46CD-8BB4-7E11F4BD8C83}.Debug|Any CPU.ActiveCfg = Debug|Any CPU
		{986BAA96-C3E3-46CD-8BB4-7E11F4BD8C83}.Debug|Any CPU.Build.0 = Debug|Any CPU
		{986BAA96-C3E3-46CD-8BB4-7E11F4BD8C83}.Release|Any CPU.ActiveCfg = Release|Any CPU
		{986BAA96-C3E3-46CD-8BB4-7E11F4BD8C83}.Release|Any CPU.Build.0 = Release|Any CPU
		{909F3176-E9A3-4E8C-847E-6746371DDAF8}.Debug|Any CPU.ActiveCfg = Debug|Any CPU
		{909F3176-E9A3-4E8C-847E-6746371DDAF8}.Debug|Any CPU.Build.0 = Debug|Any CPU
		{909F3176-E9A3-4E8C-847E-6746371DDAF8}.Release|Any CPU.ActiveCfg = Release|Any CPU
		{909F3176-E9A3-4E8C-847E-6746371DDAF8}.Release|Any CPU.Build.0 = Release|Any CPU
		{B3B14990-4695-43A3-8B7D-A4C110DF86C1}.Debug|Any CPU.ActiveCfg = Debug|Any CPU
		{B3B14990-4695-43A3-8B7D-A4C110DF86C1}.Debug|Any CPU.Build.0 = Debug|Any CPU
		{B3B14990-4695-43A3-8B7D-A4C110DF86C1}.Release|Any CPU.ActiveCfg = Release|Any CPU
		{B3B14990-4695-43A3-8B7D-A4C110DF86C1}.Release|Any CPU.Build.0 = Release|Any CPU
	EndGlobalSection
	GlobalSection(SolutionProperties) = preSolution
		HideSolutionNode = FALSE
	EndGlobalSection
	GlobalSection(ExtensibilityGlobals) = postSolution
		SolutionGuid = {5D451477-82B1-4B2F-A3B7-DC5524AA6DC6}
	EndGlobalSection
EndGlobal
