
Microsoft Visual Studio Solution File, Format Version 12.00
# Visual Studio 15
VisualStudioVersion = 15.0.28307.271
MinimumVisualStudioVersion = 10.0.40219.1
Project("{FAE04EC0-301F-11D3-BF4B-00C04F79EFBC}") = "01_HelloWorld", "01_HelloWorld\01_HelloWorld.csproj", "{F831FAC6-7D8B-4295-BFE4-12C1DC1BAFA0}"
EndProject
Project("{FAE04EC0-301F-11D3-BF4B-00C04F79EFBC}") = "DotNetFundamentals.Tests", "DotNetFundamentals.Tests\DotNetFundamentals.Tests.csproj", "{A9E7D0BA-0D0E-4EAF-B814-C37FD11D99DC}"
EndProject
Global
	GlobalSection(SolutionConfigurationPlatforms) = preSolution
		Debug|Any CPU = Debug|Any CPU
		Release|Any CPU = Release|Any CPU
	EndGlobalSection
	GlobalSection(ProjectConfigurationPlatforms) = postSolution
		{F831FAC6-7D8B-4295-BFE4-12C1DC1BAFA0}.Debug|Any CPU.ActiveCfg = Debug|Any CPU
		{F831FAC6-7D8B-4295-BFE4-12C1DC1BAFA0}.Debug|Any CPU.Build.0 = Debug|Any CPU
		{F831FAC6-7D8B-4295-BFE4-12C1DC1BAFA0}.Release|Any CPU.ActiveCfg = Release|Any CPU
		{F831FAC6-7D8B-4295-BFE4-12C1DC1BAFA0}.Release|Any CPU.Build.0 = Release|Any CPU
		{A9E7D0BA-0D0E-4EAF-B814-C37FD11D99DC}.Debug|Any CPU.ActiveCfg = Debug|Any CPU
		{A9E7D0BA-0D0E-4EAF-B814-C37FD11D99DC}.Debug|Any CPU.Build.0 = Debug|Any CPU
		{A9E7D0BA-0D0E-4EAF-B814-C37FD11D99DC}.Release|Any CPU.ActiveCfg = Release|Any CPU
		{A9E7D0BA-0D0E-4EAF-B814-C37FD11D99DC}.Release|Any CPU.Build.0 = Release|Any CPU
	EndGlobalSection
	GlobalSection(SolutionProperties) = preSolution
		HideSolutionNode = FALSE
	EndGlobalSection
	GlobalSection(ExtensibilityGlobals) = postSolution
		SolutionGuid = {5D451477-82B1-4B2F-A3B7-DC5524AA6DC6}
	EndGlobalSection
EndGlobal
